{
  "nodes": {
    "i915-sriov-dkms": {
      "inputs": {
        "nixpkgs": [
          "nixpkgs"
        ]
      },
      "locked": {
        "lastModified": 1789569076,
        "narHash": "sha256-MJDR3r/OeCo0Uc4yrk7G2jlzVy5p7JMsJh7E2j74hJw=",
        "owner": "strongtz",
        "repo": "i915-sriov-dkms",
        "rev": "b42c0f87643c07e06b4f53bbedfb3b728da222e1",
        "type": "github"
      },
      "original": {
        "owner": "strongtz",
        "ref": "2026.09.16",
        "repo": "i915-sriov-dkms",
        "type": "github"
      }
    },
    "nixpkgs": {
      "locked": {
        "lastModified": 1789684949,
        "narHash": "sha256-ZKhUe/2IJUq1JhKxKMu8rbkgSGmPP2ZCqlIPn40aGCM=",
        "owner": "NixOS",
        "repo": "nixpkgs",
        "rev": "e554fab72f81915600f3f449b786fd9af40439a5",
        "type": "github"
      },
      "original": {
        "owner": "NixOS",
        "ref": "nixos-unstable",
        "repo": "nixpkgs",
        "type": "github"
      }
    },
    "root": {
      "inputs": {
        "i915-sriov-dkms": "i915-sriov-dkms",
        "nixpkgs": "nixpkgs",
        "sops-nix": "sops-nix"
      }
    },
    "sops-nix": {
      "inputs": {
        "nixpkgs": [
          "nixpkgs"
        ]
      },
      "locked": {
        "lastModified": 1789815532,
        "narHash": "sha256-/Ql9UE21iDwOU/JdPV20yZtaMpGf+iD2EhIA1aAi540=",
        "owner": "Mic92",
        "repo": "sops-nix",
        "rev": "166fc0d3f4fcd0dfc9af102ba8e85fa5dd04e5f7",
        "type": "github"
      },
      "original": {
        "owner": "Mic92",
        "repo": "sops-nix",
        "type": "github"
      }
    }
  },
  "root": "root",
  "version": 7
}
